# THIS IS AN AUTOGENERATED FILE. DO NOT EDIT THIS FILE DIRECTLY.
# yarn lockfile v1


"@babel/parser@^7.15.0":
  version "7.16.4"
  resolved "http://r.npm.sankuai.com/@babel/parser/download/@babel/parser-7.16.4.tgz#d5f92f57cf2c74ffe9b37981c0e72fee7311372e"
  integrity sha1-1fkvV88sdP/ps3mBwOcv7nMRNy4=

"@vue/compiler-core@3.2.24":
  version "3.2.24"
  resolved "http://r.npm.sankuai.com/@vue/compiler-core/download/@vue/compiler-core-3.2.24.tgz#cadcda0e026e7f1cd453ce87160be51a5f313fe0"
  integrity sha1-ytzaDgJufxzUU86HFgvlGl8xP+A=
  dependencies:
    "@babel/parser" "^7.15.0"
    "@vue/shared" "3.2.24"
    estree-walker "^2.0.2"
    source-map "^0.6.1"

"@vue/compiler-dom@3.2.24":
  version "3.2.24"
  resolved "http://r.npm.sankuai.com/@vue/compiler-dom/download/@vue/compiler-dom-3.2.24.tgz#32235cb444660245be5cc58f4beb76747400505c"
  integrity sha1-MiNctERmAkW+XMWPS+t2dHQAUFw=
  dependencies:
    "@vue/compiler-core" "3.2.24"
    "@vue/shared" "3.2.24"

"@vue/compiler-sfc@3.2.24":
  version "3.2.24"
  resolved "http://r.npm.sankuai.com/@vue/compiler-sfc/download/@vue/compiler-sfc-3.2.24.tgz#803a309e1935fc85981218d88fd4fb5db05afdb1"
  integrity sha1-gDownhk1/IWYEhjYj9T7XbBa/bE=
  dependencies:
    "@babel/parser" "^7.15.0"
    "@vue/compiler-core" "3.2.24"
    "@vue/compiler-dom" "3.2.24"
    "@vue/compiler-ssr" "3.2.24"
    "@vue/ref-transform" "3.2.24"
    "@vue/shared" "3.2.24"
    estree-walker "^2.0.2"
    magic-string "^0.25.7"
    postcss "^8.1.10"
    source-map "^0.6.1"

"@vue/compiler-ssr@3.2.24":
  version "3.2.24"
  resolved "http://r.npm.sankuai.com/@vue/compiler-ssr/download/@vue/compiler-ssr-3.2.24.tgz#edd0b7e7cd28d6c2578bb770ce0128bfdef9c948"
  integrity sha1-7dC3580o1sJXi7dwzgEov975yUg=
  dependencies:
    "@vue/compiler-dom" "3.2.24"
    "@vue/shared" "3.2.24"

"@vue/reactivity@3.2.24":
  version "3.2.24"
  resolved "http://r.npm.sankuai.com/@vue/reactivity/download/@vue/reactivity-3.2.24.tgz#4b24301ff7af0607c49a1e6976a22b4f62eab1a4"
  integrity sha1-SyQwH/evBgfEmh5pdqIrT2LqsaQ=
  dependencies:
    "@vue/shared" "3.2.24"

"@vue/ref-transform@3.2.24":
  version "3.2.24"
  resolved "http://r.npm.sankuai.com/@vue/ref-transform/download/@vue/ref-transform-3.2.24.tgz#335bf06e0b25be16e7056cc4117c51a79f0c9122"
  integrity sha1-M1vwbgslvhbnBWzEEXxRp58MkSI=
  dependencies:
    "@babel/parser" "^7.15.0"
    "@vue/compiler-core" "3.2.24"
    "@vue/shared" "3.2.24"
    estree-walker "^2.0.2"
    magic-string "^0.25.7"

"@vue/runtime-core@3.2.24":
  version "3.2.24"
  resolved "http://r.npm.sankuai.com/@vue/runtime-core/download/@vue/runtime-core-3.2.24.tgz#b3e433587442910d90f78f61ce3c5faf6fb3f355"
  integrity sha1-s+QzWHRCkQ2Q949hzjxfr2+z81U=
  dependencies:
    "@vue/reactivity" "3.2.24"
    "@vue/shared" "3.2.24"

"@vue/runtime-dom@3.2.24":
  version "3.2.24"
  resolved "http://r.npm.sankuai.com/@vue/runtime-dom/download/@vue/runtime-dom-3.2.24.tgz#14b462514cdb01d9de6c09ecf1d5d5d55a58e1e3"
  integrity sha1-FLRiUUzbAdnebAns8dXV1VpY4eM=
  dependencies:
    "@vue/runtime-core" "3.2.24"
    "@vue/shared" "3.2.24"
    csstype "^2.6.8"

"@vue/server-renderer@3.2.24":
  version "3.2.24"
  resolved "http://r.npm.sankuai.com/@vue/server-renderer/download/@vue/server-renderer-3.2.24.tgz#8009b1e52293fd4efc71b90452baf502ecb9dc03"
  integrity sha1-gAmx5SKT/U78cbkEUrr1Auy53AM=
  dependencies:
    "@vue/compiler-ssr" "3.2.24"
    "@vue/shared" "3.2.24"

"@vue/shared@3.2.24":
  version "3.2.24"
  resolved "http://r.npm.sankuai.com/@vue/shared/download/@vue/shared-3.2.24.tgz#d74615e856013b17fb60b19b09d712729ad5e090"
  integrity sha1-10YV6FYBOxf7YLGbCdcScprV4JA=

csstype@^2.6.8:
  version "2.6.19"
  resolved "http://r.npm.sankuai.com/csstype/download/csstype-2.6.19.tgz#feeb5aae89020bb389e1f63669a5ed490e391caa"
  integrity sha1-/utarokCC7OJ4fY2aaXtSQ45HKo=

estree-walker@^2.0.2:
  version "2.0.2"
  resolved "http://r.npm.sankuai.com/estree-walker/download/estree-walker-2.0.2.tgz#52f010178c2a4c117a7757cfe942adb7d2da4cac"
  integrity sha1-UvAQF4wqTBF6d1fP6UKtt9LaTKw=

magic-string@^0.25.7:
  version "0.25.7"
  resolved "http://r.npm.sankuai.com/magic-string/download/magic-string-0.25.7.tgz#3f497d6fd34c669c6798dcb821f2ef31f5445051"
  integrity sha1-P0l9b9NMZpxnmNy4IfLvMfVEUFE=
  dependencies:
    sourcemap-codec "^1.4.4"

nanoid@^3.1.30:
  version "3.1.30"
  resolved "http://r.npm.sankuai.com/nanoid/download/nanoid-3.1.30.tgz#63f93cc548d2a113dc5dfbc63bfa09e2b9b64362"
  integrity sha1-Y/k8xUjSoRPcXfvGO/oJ4rm2Q2I=

picocolors@^1.0.0:
  version "1.0.0"
  resolved "http://r.npm.sankuai.com/picocolors/download/picocolors-1.0.0.tgz#cb5bdc74ff3f51892236eaf79d68bc44564ab81c"
  integrity sha1-y1vcdP8/UYkiNur3nWi8RFZKuBw=

postcss@^8.1.10:
  version "8.4.4"
  resolved "http://r.npm.sankuai.com/postcss/download/postcss-8.4.4.tgz#d53d4ec6a75fd62557a66bb41978bf47ff0c2869"
  integrity sha1-1T1Oxqdf1iVXpmu0GXi/R/8MKGk=
  dependencies:
    nanoid "^3.1.30"
    picocolors "^1.0.0"
    source-map-js "^1.0.1"

source-map-js@^1.0.1:
  version "1.0.1"
  resolved "http://r.npm.sankuai.com/source-map-js/download/source-map-js-1.0.1.tgz#a1741c131e3c77d048252adfa24e23b908670caf"
  integrity sha1-oXQcEx48d9BIJSrfok4juQhnDK8=

source-map@^0.6.1:
  version "0.6.1"
  resolved "http://r.npm.sankuai.com/source-map/download/source-map-0.6.1.tgz#74722af32e9614e9c287a8d0bbde48b5e2f1a263"
  integrity sha1-dHIq8y6WFOnCh6jQu95IteLxomM=

sourcemap-codec@^1.4.4:
  version "1.4.8"
  resolved "http://r.npm.sankuai.com/sourcemap-codec/download/sourcemap-codec-1.4.8.tgz#ea804bd94857402e6992d05a38ef1ae35a9ab4c4"
  integrity sha1-6oBL2UhXQC5pktBaOO8a41qatMQ=

vue@3:
  version "3.2.24"
  resolved "http://r.npm.sankuai.com/vue/download/vue-3.2.24.tgz#6de7b01e55740dc37c0a5dbd45e70eed49f95189"
  integrity sha1-beewHlV0DcN8Cl29RecO7Un5UYk=
  dependencies:
    "@vue/compiler-dom" "3.2.24"
    "@vue/compiler-sfc" "3.2.24"
    "@vue/runtime-dom" "3.2.24"
    "@vue/server-renderer" "3.2.24"
    "@vue/shared" "3.2.24"
